
Microsoft Visual Studio Solution File, Format Version 12.00
# Visual Studio Version 16
VisualStudioVersion = 16.0.31702.278
MinimumVisualStudioVersion = 10.0.40219.1
Project("{9A19103F-16F7-4668-BE54-9A1E7A4F7556}") = "KedaDemoApi.Test", "KedaDemoApi.Test\KedaDemoApi.Test.csproj", "{E6ADD41C-7D3C-49C0-81EE-50043E22002B}"
EndProject
Project("{9A19103F-16F7-4668-BE54-9A1E7A4F7556}") = "KedaDemoApi", "KedaDemoApi\KedaDemoApi.csproj", "{19FCEE5A-36E4-459A-BC82-65F69EEDB4A5}"
EndProject
Project("{2150E333-8FDC-42A3-9474-1A3956D46DE8}") = "SolutionItems", "SolutionItems", "{0DA06943-4B50-4DCB-9D22-92165EAC75B5}"
	ProjectSection(SolutionItems) = preProject
		common.props = common.props
		Directory.Build.props = Directory.Build.props
	EndProjectSection
EndProject
Project("{2150E333-8FDC-42A3-9474-1A3956D46DE8}") = "pipelines", "pipelines", "{40C5217E-D7FD-485F-82D9-085DB7CB375A}"
	ProjectSection(SolutionItems) = preProject
		pipelines\KedaDemoApi-CD.yml = pipelines\KedaDemoApi-CD.yml
		pipelines\KedaDemoApi-CI.yml = pipelines\KedaDemoApi-CI.yml
	EndProjectSection
EndProject
Project("{2150E333-8FDC-42A3-9474-1A3956D46DE8}") = "templates", "templates", "{59948C30-71D9-4FA0-BDD2-A9138E859426}"
	ProjectSection(SolutionItems) = preProject
		pipelines\templates\BuildVersioning.yml = pipelines\templates\BuildVersioning.yml
		pipelines\templates\CreateHelmPackage.yml = pipelines\templates\CreateHelmPackage.yml
		pipelines\templates\DatabaseDeploy.yml = pipelines\templates\DatabaseDeploy.yml
		pipelines\templates\DeployHelmPackage.yml = pipelines\templates\DeployHelmPackage.yml
		pipelines\templates\DockerBuildAndPush.yml = pipelines\templates\DockerBuildAndPush.yml
		pipelines\templates\GetPrId.yml = pipelines\templates\GetPrId.yml
		pipelines\templates\GetServiceBusConnectionString.yml = pipelines\templates\GetServiceBusConnectionString.yml
	EndProjectSection
EndProject
Project("{9A19103F-16F7-4668-BE54-9A1E7A4F7556}") = "KedaDemo.Messaging", "KedaDemo.Messaging\KedaDemo.Messaging.csproj", "{DB8E4F40-0C09-46A9-8068-D979CF8061F8}"
EndProject
Global
	GlobalSection(SolutionConfigurationPlatforms) = preSolution
		Debug|Any CPU = Debug|Any CPU
		Release|Any CPU = Release|Any CPU
	EndGlobalSection
	GlobalSection(ProjectConfigurationPlatforms) = postSolution
		{E6ADD41C-7D3C-49C0-81EE-50043E22002B}.Debug|Any CPU.ActiveCfg = Debug|Any CPU
		{E6ADD41C-7D3C-49C0-81EE-50043E22002B}.Debug|Any CPU.Build.0 = Debug|Any CPU
		{E6ADD41C-7D3C-49C0-81EE-50043E22002B}.Release|Any CPU.ActiveCfg = Release|Any CPU
		{E6ADD41C-7D3C-49C0-81EE-50043E22002B}.Release|Any CPU.Build.0 = Release|Any CPU
		{19FCEE5A-36E4-459A-BC82-65F69EEDB4A5}.Debug|Any CPU.ActiveCfg = Debug|Any CPU
		{19FCEE5A-36E4-459A-BC82-65F69EEDB4A5}.Debug|Any CPU.Build.0 = Debug|Any CPU
		{19FCEE5A-36E4-459A-BC82-65F69EEDB4A5}.Release|Any CPU.ActiveCfg = Release|Any CPU
		{19FCEE5A-36E4-459A-BC82-65F69EEDB4A5}.Release|Any CPU.Build.0 = Release|Any CPU
		{DB8E4F40-0C09-46A9-8068-D979CF8061F8}.Debug|Any CPU.ActiveCfg = Debug|Any CPU
		{DB8E4F40-0C09-46A9-8068-D979CF8061F8}.Debug|Any CPU.Build.0 = Debug|Any CPU
		{DB8E4F40-0C09-46A9-8068-D979CF8061F8}.Release|Any CPU.ActiveCfg = Release|Any CPU
		{DB8E4F40-0C09-46A9-8068-D979CF8061F8}.Release|Any CPU.Build.0 = Release|Any CPU
	EndGlobalSection
	GlobalSection(SolutionProperties) = preSolution
		HideSolutionNode = FALSE
	EndGlobalSection
	GlobalSection(NestedProjects) = preSolution
		{40C5217E-D7FD-485F-82D9-085DB7CB375A} = {0DA06943-4B50-4DCB-9D22-92165EAC75B5}
		{59948C30-71D9-4FA0-BDD2-A9138E859426} = {40C5217E-D7FD-485F-82D9-085DB7CB375A}
	EndGlobalSection
	GlobalSection(ExtensibilityGlobals) = postSolution
		SolutionGuid = {3E434A91-89C6-412E-81E4-F4BB7913F4C0}
	EndGlobalSection
EndGlobal
