
Microsoft Visual Studio Solution File, Format Version 12.00
# Visual Studio Version 16
VisualStudioVersion = 16.0.31205.134
MinimumVisualStudioVersion = 10.0.40219.1
Project("{FAE04EC0-301F-11D3-BF4B-00C04F79EFBC}") = "OrderApi.Messaging.Receive", "OrderApi.Messaging.Receive\OrderApi.Messaging.Receive.csproj", "{5C82A15C-320B-408A-A466-A3E78210FF66}"
EndProject
Global
	GlobalSection(SolutionConfigurationPlatforms) = preSolution
		Debug|Any CPU = Debug|Any CPU
		Release|Any CPU = Release|Any CPU
	EndGlobalSection
	GlobalSection(ProjectConfigurationPlatforms) = postSolution
		{5C82A15C-320B-408A-A466-A3E78210FF66}.Debug|Any CPU.ActiveCfg = Debug|Any CPU
		{5C82A15C-320B-408A-A466-A3E78210FF66}.Debug|Any CPU.Build.0 = Debug|Any CPU
		{5C82A15C-320B-408A-A466-A3E78210FF66}.Release|Any CPU.ActiveCfg = Release|Any CPU
		{5C82A15C-320B-408A-A466-A3E78210FF66}.Release|Any CPU.Build.0 = Release|Any CPU
	EndGlobalSection
	GlobalSection(SolutionProperties) = preSolution
		HideSolutionNode = FALSE
	EndGlobalSection
	GlobalSection(ExtensibilityGlobals) = postSolution
		SolutionGuid = {FC20D753-F7F3-440A-8B9E-86B4CEC93933}
	EndGlobalSection
EndGlobal
