
Microsoft Visual Studio Solution File, Format Version 12.00
# Visual Studio Version 16
VisualStudioVersion = 16.0.31205.134
MinimumVisualStudioVersion = 10.0.40219.1
Project("{9A19103F-16F7-4668-BE54-9A1E7A4F7556}") = "OrderApi.Messaging.Receive", "OrderApi.Messaging.Receive\OrderApi.Messaging.Receive.csproj", "{5C82A15C-320B-408A-A466-A3E78210FF66}"
EndProject
Project("{2150E333-8FDC-42A3-9474-1A3956D46DE8}") = "Solution Items", "Solution Items", "{12B68ECB-E687-4567-B6F4-D917BE0E20BB}"
EndProject
Project("{2150E333-8FDC-42A3-9474-1A3956D46DE8}") = "pipelines", "pipelines", "{9ACC8149-FC3C-4495-9EDE-E90AACF77363}"
	ProjectSection(SolutionItems) = preProject
		pipelines\NetCore-CI-azure-pipeline.yml = pipelines\NetCore-CI-azure-pipeline.yml
	EndProjectSection
EndProject
Global
	GlobalSection(SolutionConfigurationPlatforms) = preSolution
		Debug|Any CPU = Debug|Any CPU
		Release|Any CPU = Release|Any CPU
	EndGlobalSection
	GlobalSection(ProjectConfigurationPlatforms) = postSolution
		{5C82A15C-320B-408A-A466-A3E78210FF66}.Debug|Any CPU.ActiveCfg = Debug|Any CPU
		{5C82A15C-320B-408A-A466-A3E78210FF66}.Debug|Any CPU.Build.0 = Debug|Any CPU
		{5C82A15C-320B-408A-A466-A3E78210FF66}.Release|Any CPU.ActiveCfg = Release|Any CPU
		{5C82A15C-320B-408A-A466-A3E78210FF66}.Release|Any CPU.Build.0 = Release|Any CPU
	EndGlobalSection
	GlobalSection(SolutionProperties) = preSolution
		HideSolutionNode = FALSE
	EndGlobalSection
	GlobalSection(NestedProjects) = preSolution
		{9ACC8149-FC3C-4495-9EDE-E90AACF77363} = {12B68ECB-E687-4567-B6F4-D917BE0E20BB}
	EndGlobalSection
	GlobalSection(ExtensibilityGlobals) = postSolution
		SolutionGuid = {FC20D753-F7F3-440A-8B9E-86B4CEC93933}
	EndGlobalSection
EndGlobal
